
Microsoft Visual Studio Solution File, Format Version 12.00
# Visual Studio Version 17
VisualStudioVersion = 17.5.002.0
MinimumVisualStudioVersion = 10.0.40219.1
Project("{9A19103F-16F7-4668-BE54-9A1E7A4F7556}") = "Gateway", "Gateway.csproj", "{87CD595F-7B71-4601-A72F-4B9775F56C02}"
EndProject
Global
	GlobalSection(SolutionConfigurationPlatforms) = preSolution
		Debug|Any CPU = Debug|Any CPU
		Release|Any CPU = Release|Any CPU
	EndGlobalSection
	GlobalSection(ProjectConfigurationPlatforms) = postSolution
		{87CD595F-7B71-4601-A72F-4B9775F56C02}.Debug|Any CPU.ActiveCfg = Debug|Any CPU
		{87CD595F-7B71-4601-A72F-4B9775F56C02}.Debug|Any CPU.Build.0 = Debug|Any CPU
		{87CD595F-7B71-4601-A72F-4B9775F56C02}.Release|Any CPU.ActiveCfg = Release|Any CPU
		{87CD595F-7B71-4601-A72F-4B9775F56C02}.Release|Any CPU.Build.0 = Release|Any CPU
	EndGlobalSection
	GlobalSection(SolutionProperties) = preSolution
		HideSolutionNode = FALSE
	EndGlobalSection
	GlobalSection(ExtensibilityGlobals) = postSolution
		SolutionGuid = {649E22FB-3ED5-436F-9ACC-97DC377D4F69}
	EndGlobalSection
EndGlobal
