
Microsoft Visual Studio Solution File, Format Version 12.00
# Visual Studio Version 17
VisualStudioVersion = 17.5.002.0
MinimumVisualStudioVersion = 10.0.40219.1
Project("{9A19103F-16F7-4668-BE54-9A1E7A4F7556}") = "Service1", "Service1.csproj", "{DFF69BF6-C157-4D45-9DDE-29EB15CFC5D1}"
EndProject
Global
	GlobalSection(SolutionConfigurationPlatforms) = preSolution
		Debug|Any CPU = Debug|Any CPU
		Release|Any CPU = Release|Any CPU
	EndGlobalSection
	GlobalSection(ProjectConfigurationPlatforms) = postSolution
		{DFF69BF6-C157-4D45-9DDE-29EB15CFC5D1}.Debug|Any CPU.ActiveCfg = Debug|Any CPU
		{DFF69BF6-C157-4D45-9DDE-29EB15CFC5D1}.Debug|Any CPU.Build.0 = Debug|Any CPU
		{DFF69BF6-C157-4D45-9DDE-29EB15CFC5D1}.Release|Any CPU.ActiveCfg = Release|Any CPU
		{DFF69BF6-C157-4D45-9DDE-29EB15CFC5D1}.Release|Any CPU.Build.0 = Release|Any CPU
	EndGlobalSection
	GlobalSection(SolutionProperties) = preSolution
		HideSolutionNode = FALSE
	EndGlobalSection
	GlobalSection(ExtensibilityGlobals) = postSolution
		SolutionGuid = {937904AD-785C-4E2D-BF59-91613C75A7E1}
	EndGlobalSection
EndGlobal
