
Microsoft Visual Studio Solution File, Format Version 12.00
# Visual Studio Version 17
VisualStudioVersion = 17.5.002.0
MinimumVisualStudioVersion = 10.0.40219.1
Project("{9A19103F-16F7-4668-BE54-9A1E7A4F7556}") = "Service2", "Service2.csproj", "{72335F2E-50E5-4661-A75E-CF83DF1D4EAC}"
EndProject
Global
	GlobalSection(SolutionConfigurationPlatforms) = preSolution
		Debug|Any CPU = Debug|Any CPU
		Release|Any CPU = Release|Any CPU
	EndGlobalSection
	GlobalSection(ProjectConfigurationPlatforms) = postSolution
		{72335F2E-50E5-4661-A75E-CF83DF1D4EAC}.Debug|Any CPU.ActiveCfg = Debug|Any CPU
		{72335F2E-50E5-4661-A75E-CF83DF1D4EAC}.Debug|Any CPU.Build.0 = Debug|Any CPU
		{72335F2E-50E5-4661-A75E-CF83DF1D4EAC}.Release|Any CPU.ActiveCfg = Release|Any CPU
		{72335F2E-50E5-4661-A75E-CF83DF1D4EAC}.Release|Any CPU.Build.0 = Release|Any CPU
	EndGlobalSection
	GlobalSection(SolutionProperties) = preSolution
		HideSolutionNode = FALSE
	EndGlobalSection
	GlobalSection(ExtensibilityGlobals) = postSolution
		SolutionGuid = {CC41D72B-F635-4480-950E-771851F90898}
	EndGlobalSection
EndGlobal
